// !$*UTF8*$!
{
	archiveVersion = 1;
	classes = {
	};
	objectVersion = 50;
	objects = {

/* Begin PBXBuildFile section */
		891C216A21F3F52800A0AADD /* AppDelegate.swift in Sources */ = {isa = PBXBuildFile; fileRef = 891C216921F3F52800A0AADD /* AppDelegate.swift */; };
		891C216C21F3F52800A0AADD /* ViewController.swift in Sources */ = {isa = PBXBuildFile; fileRef = 891C216B21F3F52800A0AADD /* ViewController.swift */; };
		891C216F21F3F52800A0AADD /* Main.storyboard in Resources */ = {isa = PBXBuildFile; fileRef = 891C216D21F3F52800A0AADD /* Main.storyboard */; };
		891C217121F3F52A00A0AADD /* Assets.xcassets in Resources */ = {isa = PBXBuildFile; fileRef = 891C217021F3F52A00A0AADD /* Assets.xcassets */; };
		891C217421F3F52A00A0AADD /* LaunchScreen.storyboard in Resources */ = {isa = PBXBuildFile; fileRef = 891C217221F3F52A00A0AADD /* LaunchScreen.storyboard */; };
/* End PBXBuildFile section */

/* Begin PBXFileReference section */
		891C216621F3F52800A0AADD /* Retro Game App.app */ = {isa = PBXFileReference; explicitFileType = wrapper.application; includeInIndex = 0; path = "Retro Game App.app"; sourceTree = BUILT_PRODUCTS_DIR; };
		891C216921F3F52800A0AADD /* AppDelegate.swift */ = {isa = PBXFileReference; lastKnownFileType = sourcecode.swift; path = AppDelegate.swift; sourceTree = "<group>"; };
		891C216B21F3F52800A0AADD /* ViewController.swift */ = {isa = PBXFileReference; lastKnownFileType = sourcecode.swift; path = ViewController.swift; sourceTree = "<group>"; };
		891C216E21F3F52800A0AADD /* Base */ = {isa = PBXFileReference; lastKnownFileType = file.storyboard; name = Base; path = Base.lproj/Main.storyboard; sourceTree = "<group>"; };
		891C217021F3F52A00A0AADD /* Assets.xcassets */ = {isa = PBXFileReference; lastKnownFileType = folder.assetcatalog; path = Assets.xcassets; sourceTree = "<group>"; };
		891C217321F3F52A00A0AADD /* Base */ = {isa = PBXFileReference; lastKnownFileType = file.storyboard; name = Base; path = Base.lproj/LaunchScreen.storyboard; sourceTree = "<group>"; };
		891C217521F3F52A00A0AADD /* Info.plist */ = {isa = PBXFileReference; lastKnownFileType = text.plist.xml; path = Info.plist; sourceTree = "<group>"; };
/* End PBXFileReference section */

/* Begin PBXFrameworksBuildPhase section */
		891C216321F3F52800A0AADD /* Frameworks */ = {
			isa = PBXFrameworksBuildPhase;
			buildActionMask = 2147483647;
			files = (
			);
			runOnlyForDeploymentPostprocessing = 0;
		};
/* End PBXFrameworksBuildPhase section */

/* Begin PBXGroup section */
		891C215D21F3F52800A0AADD = {
			isa = PBXGroup;
			children = (
				891C216821F3F52800A0AADD /* Retro Game App */,
				891C216721F3F52800A0AADD /* Products */,
			);
			sourceTree = "<group>";
		};
		891C216721F3F52800A0AADD /* Products */ = {
			isa = PBXGroup;
			children = (
				891C216621F3F52800A0AADD /* Retro Game App.app */,
			);
			name = Products;
			sourceTree = "<group>";
		};
		891C216821F3F52800A0AADD /* Retro Game App */ = {
			isa = PBXGroup;
			children = (
				891C216921F3F52800A0AADD /* AppDelegate.swift */,
				891C216B21F3F52800A0AADD /* ViewController.swift */,
				891C216D21F3F52800A0AADD /* Main.storyboard */,
				891C217021F3F52A00A0AADD /* Assets.xcassets */,
				891C217221F3F52A00A0AADD /* LaunchScreen.storyboard */,
				891C217521F3F52A00A0AADD /* Info.plist */,
			);
			path = "Retro Game App";
			sourceTree = "<group>";
		};
/* End PBXGroup section */

/* Begin PBXNativeTarget section */
		891C216521F3F52800A0AADD /* Retro Game App */ = {
			isa = PBXNativeTarget;
			buildConfigurationList = 891C217821F3F52A00A0AADD /* Build configuration list for PBXNativeTarget "Retro Game App" */;
			buildPhases = (
				891C216221F3F52800A0AADD /* Sources */,
				891C216321F3F52800A0AADD /* Frameworks */,
				891C216421F3F52800A0AADD /* Resources */,
			);
			buildRules = (
			);
			dependencies = (
			);
			name = "Retro Game App";
			productName = "Retro Game App";
			productReference = 891C216621F3F52800A0AADD /* Retro Game App.app */;
			productType = "com.apple.product-type.application";
		};
/* End PBXNativeTarget section */

/* Begin PBXProject section */
		891C215E21F3F52800A0AADD /* Project object */ = {
			isa = PBXProject;
			attributes = {
				LastSwiftUpdateCheck = 1010;
				LastUpgradeCheck = 1010;
				ORGANIZATIONNAME = "Alphonso Sensley II";
				TargetAttributes = {
					891C216521F3F52800A0AADD = {
						CreatedOnToolsVersion = 10.1;
					};
				};
			};
			buildConfigurationList = 891C216121F3F52800A0AADD /* Build configuration list for PBXProject "Retro Game App" */;
			compatibilityVersion = "Xcode 9.3";
			developmentRegion = en;
			hasScannedForEncodings = 0;
			knownRegions = (
				en,
				Base,
			);
			mainGroup = 891C215D21F3F52800A0AADD;
			productRefGroup = 891C216721F3F52800A0AADD /* Products */;
			projectDirPath = "";
			projectRoot = "";
			targets = (
				891C216521F3F52800A0AADD /* Retro Game App */,
			);
		};
/* End PBXProject section */

/* Begin PBXResourcesBuildPhase section */
		891C216421F3F52800A0AADD /* Resources */ = {
			isa = PBXResourcesBuildPhase;
			buildActionMask = 2147483647;
			files = (
				891C217421F3F52A00A0AADD /* LaunchScreen.storyboard in Resources */,
				891C217121F3F52A00A0AADD /* Assets.xcassets in Resources */,
				891C216F21F3F52800A0AADD /* Main.storyboard in Resources */,
			);
			runOnlyForDeploymentPostprocessing = 0;
		};
/* End PBXResourcesBuildPhase section */

/* Begin PBXSourcesBuildPhase section */
		891C216221F3F52800A0AADD /* Sources */ = {
			isa = PBXSourcesBuildPhase;
			buildActionMask = 2147483647;
			files = (
				891C216C21F3F52800A0AADD /* ViewController.swift in Sources */,
				891C216A21F3F52800A0AADD /* AppDelegate.swift in Sources */,
			);
			runOnlyForDeploymentPostprocessing = 0;
		};
/* End PBXSourcesBuildPhase section */

/* Begin PBXVariantGroup section */
		891C216D21F3F52800A0AADD /* Main.storyboard */ = {
			isa = PBXVariantGroup;
			children = (
				891C216E21F3F52800A0AADD /* Base */,
			);
			name = Main.storyboard;
			sourceTree = "<group>";
		};
		891C217221F3F52A00A0AADD /* LaunchScreen.storyboard */ = {
			isa = PBXVariantGroup;
			children = (
				891C217321F3F52A00A0AADD /* Base */,
			);
			name = LaunchScreen.storyboard;
			sourceTree = "<group>";
		};
/* End PBXVariantGroup section */

/* Begin XCBuildConfiguration section */
		891C217621F3F52A00A0AADD /* Debug */ = {
			isa = XCBuildConfiguration;
			buildSettings = {
				ALWAYS_SEARCH_USER_PATHS = NO;
				CLANG_ANALYZER_NONNULL = YES;
				CLANG_ANALYZER_NUMBER_OBJECT_CONVERSION = YES_AGGRESSIVE;
				CLANG_CXX_LANGUAGE_STANDARD = "gnu++14";
				CLANG_CXX_LIBRARY = "libc++";
				CLANG_ENABLE_MODULES = YES;
				CLANG_ENABLE_OBJC_ARC = YES;
				CLANG_ENABLE_OBJC_WEAK = YES;
				CLANG_WARN_BLOCK_CAPTURE_AUTORELEASING = YES;
				CLANG_WARN_BOOL_CONVERSION = YES;
				CLANG_WARN_COMMA = YES;
				CLANG_WARN_CONSTANT_CONVERSION = YES;
				CLANG_WARN_DEPRECATED_OBJC_IMPLEMENTATIONS = YES;
				CLANG_WARN_DIRECT_OBJC_ISA_USAGE = YES_ERROR;
				CLANG_WARN_DOCUMENTATION_COMMENTS = YES;
				CLANG_WARN_EMPTY_BODY = YES;
				CLANG_WARN_ENUM_CONVERSION = YES;
				CLANG_WARN_INFINITE_RECURSION = YES;
				CLANG_WARN_INT_CONVERSION = YES;
				CLANG_WARN_NON_LITERAL_NULL_CONVERSION = YES;
				CLANG_WARN_OBJC_IMPLICIT_RETAIN_SELF = YES;
				CLANG_WARN_OBJC_LITERAL_CONVERSION = YES;
				CLANG_WARN_OBJC_ROOT_CLASS = YES_ERROR;
				CLANG_WARN_RANGE_LOOP_ANALYSIS = YES;
				CLANG_WARN_STRICT_PROTOTYPES = YES;
				CLANG_WARN_SUSPICIOUS_MOVE = YES;
				CLANG_WARN_UNGUARDED_AVAILABILITY = YES_AGGRESSIVE;
				CLANG_WARN_UNREACHABLE_CODE = YES;
				CLANG_WARN__DUPLICATE_METHOD_MATCH = YES;
				CODE_SIGN_IDENTITY = "iPhone Developer";
				COPY_PHASE_STRIP = NO;
				DEBUG_INFORMATION_FORMAT = dwarf;
				ENABLE_STRICT_OBJC_MSGSEND = YES;
				ENABLE_TESTABILITY = YES;
				GCC_C_LANGUAGE_STANDARD = gnu11;
				GCC_DYNAMIC_NO_PIC = NO;
				GCC_NO_COMMON_BLOCKS = YES;
				GCC_OPTIMIZATION_LEVEL = 0;
				GCC_PREPROCESSOR_DEFINITIONS = (
					"DEBUG=1",
					"$(inherited)",
				);
				GCC_WARN_64_TO_32_BIT_CONVERSION = YES;
				GCC_WARN_ABOUT_RETURN_TYPE = YES_ERROR;
				GCC_WARN_UNDECLARED_SELECTOR = YES;
				GCC_WARN_UNINITIALIZED_AUTOS = YES_AGGRESSIVE;
				GCC_WARN_UNUSED_FUNCTION = YES;
				GCC_WARN_UNUSED_VARIABLE = YES;
				IPHONEOS_DEPLOYMENT_TARGET = 12.1;
				MTL_ENABLE_DEBUG_INFO = INCLUDE_SOURCE;
				MTL_FAST_MATH = YES;
				ONLY_ACTIVE_ARCH = YES;
				SDKROOT = iphoneos;
				SWIFT_ACTIVE_COMPILATION_CONDITIONS = DEBUG;
				SWIFT_OPTIMIZATION_LEVEL = "-Onone";
			};
			name = Debug;
		};
		891C217721F3F52A00A0AADD /* Release */ = {
			isa = XCBuildConfiguration;
			buildSettings = {
				ALWAYS_SEARCH_USER_PATHS = NO;
				CLANG_ANALYZER_NONNULL = YES;
				CLANG_ANALYZER_NUMBER_OBJECT_CONVERSION = YES_AGGRESSIVE;
				CLANG_CXX_LANGUAGE_STANDARD = "gnu++14";
				CLANG_CXX_LIBRARY = "libc++";
				CLANG_ENABLE_MODULES = YES;
				CLANG_ENABLE_OBJC_ARC = YES;
				CLANG_ENABLE_OBJC_WEAK = YES;
				CLANG_WARN_BLOCK_CAPTURE_AUTORELEASING = YES;
				CLANG_WARN_BOOL_CONVERSION = YES;
				CLANG_WARN_COMMA = YES;
				CLANG_WARN_CONSTANT_CONVERSION = YES;
				CLANG_WARN_DEPRECATED_OBJC_IMPLEMENTATIONS = YES;
				CLANG_WARN_DIRECT_OBJC_ISA_USAGE = YES_ERROR;
				CLANG_WARN_DOCUMENTATION_COMMENTS = YES;
				CLANG_WARN_EMPTY_BODY = YES;
				CLANG_WARN_ENUM_CONVERSION = YES;
				CLANG_WARN_INFINITE_RECURSION = YES;
				CLANG_WARN_INT_CONVERSION = YES;
				CLANG_WARN_NON_LITERAL_NULL_CONVERSION = YES;
				CLANG_WARN_OBJC_IMPLICIT_RETAIN_SELF = YES;
				CLANG_WARN_OBJC_LITERAL_CONVERSION = YES;
				CLANG_WARN_OBJC_ROOT_CLASS = YES_ERROR;
				CLANG_WARN_RANGE_LOOP_ANALYSIS = YES;
				CLANG_WARN_STRICT_PROTOTYPES = YES;
				CLANG_WARN_SUSPICIOUS_MOVE = YES;
				CLANG_WARN_UNGUARDED_AVAILABILITY = YES_AGGRESSIVE;
				CLANG_WARN_UNREACHABLE_CODE = YES;
				CLANG_WARN__DUPLICATE_METHOD_MATCH = YES;
				CODE_SIGN_IDENTITY = "iPhone Developer";
				COPY_PHASE_STRIP = NO;
				DEBUG_INFORMATION_FORMAT = "dwarf-with-dsym";
				ENABLE_NS_ASSERTIONS = NO;
				ENABLE_STRICT_OBJC_MSGSEND = YES;
				GCC_C_LANGUAGE_STANDARD = gnu11;
				GCC_NO_COMMON_BLOCKS = YES;
				GCC_WARN_64_TO_32_BIT_CONVERSION = YES;
				GCC_WARN_ABOUT_RETURN_TYPE = YES_ERROR;
				GCC_WARN_UNDECLARED_SELECTOR = YES;
				GCC_WARN_UNINITIALIZED_AUTOS = YES_AGGRESSIVE;
				GCC_WARN_UNUSED_FUNCTION = YES;
				GCC_WARN_UNUSED_VARIABLE = YES;
				IPHONEOS_DEPLOYMENT_TARGET = 12.1;
				MTL_ENABLE_DEBUG_INFO = NO;
				MTL_FAST_MATH = YES;
				SDKROOT = iphoneos;
				SWIFT_COMPILATION_MODE = wholemodule;
				SWIFT_OPTIMIZATION_LEVEL = "-O";
				VALIDATE_PRODUCT = YES;
			};
			name = Release;
		};
		891C217921F3F52A00A0AADD /* Debug */ = {
			isa = XCBuildConfiguration;
			buildSettings = {
				ASSETCATALOG_COMPILER_APPICON_NAME = AppIcon;
				CODE_SIGN_STYLE = Automatic;
				DEVELOPMENT_TEAM = 6257XTCRBF;
				INFOPLIST_FILE = "Retro Game App/Info.plist";
				LD_RUNPATH_SEARCH_PATHS = (
					"$(inherited)",
					"@executable_path/Frameworks",
				);
				PRODUCT_BUNDLE_IDENTIFIER = "com.Alphonso-Sensley-II.Retro-Game-App";
				PRODUCT_NAME = "$(TARGET_NAME)";
				SWIFT_VERSION = 4.2;
				TARGETED_DEVICE_FAMILY = "1,2";
			};
			name = Debug;
		};
		891C217A21F3F52A00A0AADD /* Release */ = {
			isa = XCBuildConfiguration;
			buildSettings = {
				ASSETCATALOG_COMPILER_APPICON_NAME = AppIcon;
				CODE_SIGN_STYLE = Automatic;
				DEVELOPMENT_TEAM = 6257XTCRBF;
				INFOPLIST_FILE = "Retro Game App/Info.plist";
				LD_RUNPATH_SEARCH_PATHS = (
					"$(inherited)",
					"@executable_path/Frameworks",
				);
				PRODUCT_BUNDLE_IDENTIFIER = "com.Alphonso-Sensley-II.Retro-Game-App";
				PRODUCT_NAME = "$(TARGET_NAME)";
				SWIFT_VERSION = 4.2;
				TARGETED_DEVICE_FAMILY = "1,2";
			};
			name = Release;
		};
/* End XCBuildConfiguration section */

/* Begin XCConfigurationList section */
		891C216121F3F52800A0AADD /* Build configuration list for PBXProject "Retro Game App" */ = {
			isa = XCConfigurationList;
			buildConfigurations = (
				891C217621F3F52A00A0AADD /* Debug */,
				891C217721F3F52A00A0AADD /* Release */,
			);
			defaultConfigurationIsVisible = 0;
			defaultConfigurationName = Release;
		};
		891C217821F3F52A00A0AADD /* Build configuration list for PBXNativeTarget "Retro Game App" */ = {
			isa = XCConfigurationList;
			buildConfigurations = (
				891C217921F3F52A00A0AADD /* Debug */,
				891C217A21F3F52A00A0AADD /* Release */,
			);
			defaultConfigurationIsVisible = 0;
			defaultConfigurationName = Release;
		};
/* End XCConfigurationList section */
	};
	rootObject = 891C215E21F3F52800A0AADD /* Project object */;
}
